// !$*UTF8*$!
{
	archiveVersion = 1;
	classes = {
	};
	objectVersion = 50;
	objects = {

/* Begin PBXBuildFile section */
		CF15E5C72493E96C00F42B1E /* ReadableJSON.swift in Sources */ = {isa = PBXBuildFile; fileRef = CF3DCEDA248587C300984BB5 /* ReadableJSON.swift */; };
		CF23B4C624918BA400B61476 /* CodingKeysTree.swift in Sources */ = {isa = PBXBuildFile; fileRef = CF23B4C524918BA400B61476 /* CodingKeysTree.swift */; };
		CF65DA6C248EC41C000F9ECD /* Main.storyboard in Resources */ = {isa = PBXBuildFile; fileRef = CF65DA6B248EC41C000F9ECD /* Main.storyboard */; };
		CF9A3F5B2486F7880074EF2C /* dataGetterTests.swift in Sources */ = {isa = PBXBuildFile; fileRef = CF9A3F5A2486F7880074EF2C /* dataGetterTests.swift */; };
		CF9A3F622486F87E0074EF2C /* JsonConverter.swift in Sources */ = {isa = PBXBuildFile; fileRef = CF3DCEDE24858FF600984BB5 /* JsonConverter.swift */; };
		CF9A3F642486F8FD0074EF2C /* JsonForTest.json in Resources */ = {isa = PBXBuildFile; fileRef = CF9A3F632486F8FD0074EF2C /* JsonForTest.json */; };
		CFA21CCE248ED85800964542 /* ValuesViewController.swift in Sources */ = {isa = PBXBuildFile; fileRef = CFA21CCC248ED85800964542 /* ValuesViewController.swift */; };
		CFA21CCF248ED85800964542 /* ValuesViewController.xib in Resources */ = {isa = PBXBuildFile; fileRef = CFA21CCD248ED85800964542 /* ValuesViewController.xib */; };
		CFD5725C248836820097E8CA /* ExpectedResult.txt in Resources */ = {isa = PBXBuildFile; fileRef = CFD5725B248836820097E8CA /* ExpectedResult.txt */; };
		CFFED67A246471AA00E12C2B /* AppDelegate.swift in Sources */ = {isa = PBXBuildFile; fileRef = CFFED679246471AA00E12C2B /* AppDelegate.swift */; };
		CFFED67E246471AB00E12C2B /* Assets.xcassets in Resources */ = {isa = PBXBuildFile; fileRef = CFFED67D246471AB00E12C2B /* Assets.xcassets */; };
		CFFED690246471BE00E12C2B /* Cocoa.framework in Frameworks */ = {isa = PBXBuildFile; fileRef = CFFED68F246471BE00E12C2B /* Cocoa.framework */; };
		CFFED693246471BE00E12C2B /* SourceEditorExtension.swift in Sources */ = {isa = PBXBuildFile; fileRef = CFFED692246471BE00E12C2B /* SourceEditorExtension.swift */; };
		CFFED695246471BE00E12C2B /* SourceEditorCommand.swift in Sources */ = {isa = PBXBuildFile; fileRef = CFFED694246471BE00E12C2B /* SourceEditorCommand.swift */; };
		CFFED69A246471BE00E12C2B /* dataGetterExtension.appex in Embed App Extensions */ = {isa = PBXBuildFile; fileRef = CFFED68D246471BE00E12C2B /* dataGetterExtension.appex */; settings = {ATTRIBUTES = (RemoveHeadersOnCopy, ); }; };
		CFFF5BE92493FC0F00386D9B /* ValueCell.swift in Sources */ = {isa = PBXBuildFile; fileRef = CFFF5BE82493FC0F00386D9B /* ValueCell.swift */; };
/* End PBXBuildFile section */

/* Begin PBXContainerItemProxy section */
		CF9A3F5D2486F7880074EF2C /* PBXContainerItemProxy */ = {
			isa = PBXContainerItemProxy;
			containerPortal = CFFED66E246471AA00E12C2B /* Project object */;
			proxyType = 1;
			remoteGlobalIDString = CFFED675246471AA00E12C2B;
			remoteInfo = dataGetter;
		};
		CFFED698246471BE00E12C2B /* PBXContainerItemProxy */ = {
			isa = PBXContainerItemProxy;
			containerPortal = CFFED66E246471AA00E12C2B /* Project object */;
			proxyType = 1;
			remoteGlobalIDString = CFFED68C246471BE00E12C2B;
			remoteInfo = dataGetterExtension;
		};
/* End PBXContainerItemProxy section */

/* Begin PBXCopyFilesBuildPhase section */
		CFFED69E246471BE00E12C2B /* Embed App Extensions */ = {
			isa = PBXCopyFilesBuildPhase;
			buildActionMask = 2147483647;
			dstPath = "";
			dstSubfolderSpec = 13;
			files = (
				CFFED69A246471BE00E12C2B /* dataGetterExtension.appex in Embed App Extensions */,
			);
			name = "Embed App Extensions";
			runOnlyForDeploymentPostprocessing = 0;
		};
/* End PBXCopyFilesBuildPhase section */

/* Begin PBXFileReference section */
		CF23B4C524918BA400B61476 /* CodingKeysTree.swift */ = {isa = PBXFileReference; lastKnownFileType = sourcecode.swift; path = CodingKeysTree.swift; sourceTree = "<group>"; };
		CF3DCEDA248587C300984BB5 /* ReadableJSON.swift */ = {isa = PBXFileReference; lastKnownFileType = sourcecode.swift; path = ReadableJSON.swift; sourceTree = "<group>"; };
		CF3DCEDE24858FF600984BB5 /* JsonConverter.swift */ = {isa = PBXFileReference; lastKnownFileType = sourcecode.swift; path = JsonConverter.swift; sourceTree = "<group>"; };
		CF65DA6B248EC41C000F9ECD /* Main.storyboard */ = {isa = PBXFileReference; fileEncoding = 4; lastKnownFileType = file.storyboard; path = Main.storyboard; sourceTree = "<group>"; };
		CF9A3F582486F7880074EF2C /* dataGetterTests.xctest */ = {isa = PBXFileReference; explicitFileType = wrapper.cfbundle; includeInIndex = 0; path = dataGetterTests.xctest; sourceTree = BUILT_PRODUCTS_DIR; };
		CF9A3F5A2486F7880074EF2C /* dataGetterTests.swift */ = {isa = PBXFileReference; lastKnownFileType = sourcecode.swift; path = dataGetterTests.swift; sourceTree = "<group>"; };
		CF9A3F5C2486F7880074EF2C /* Info.plist */ = {isa = PBXFileReference; lastKnownFileType = text.plist.xml; path = Info.plist; sourceTree = "<group>"; };
		CF9A3F632486F8FD0074EF2C /* JsonForTest.json */ = {isa = PBXFileReference; lastKnownFileType = text.json; path = JsonForTest.json; sourceTree = "<group>"; };
		CFA21CCC248ED85800964542 /* ValuesViewController.swift */ = {isa = PBXFileReference; lastKnownFileType = sourcecode.swift; path = ValuesViewController.swift; sourceTree = "<group>"; };
		CFA21CCD248ED85800964542 /* ValuesViewController.xib */ = {isa = PBXFileReference; lastKnownFileType = file.xib; path = ValuesViewController.xib; sourceTree = "<group>"; };
		CFD5725B248836820097E8CA /* ExpectedResult.txt */ = {isa = PBXFileReference; lastKnownFileType = text; path = ExpectedResult.txt; sourceTree = "<group>"; };
		CFFED676246471AA00E12C2B /* dataGetter.app */ = {isa = PBXFileReference; explicitFileType = wrapper.application; includeInIndex = 0; path = dataGetter.app; sourceTree = BUILT_PRODUCTS_DIR; };
		CFFED679246471AA00E12C2B /* AppDelegate.swift */ = {isa = PBXFileReference; lastKnownFileType = sourcecode.swift; path = AppDelegate.swift; sourceTree = "<group>"; };
		CFFED67D246471AB00E12C2B /* Assets.xcassets */ = {isa = PBXFileReference; lastKnownFileType = folder.assetcatalog; path = Assets.xcassets; sourceTree = "<group>"; };
		CFFED682246471AB00E12C2B /* Info.plist */ = {isa = PBXFileReference; lastKnownFileType = text.plist.xml; path = Info.plist; sourceTree = "<group>"; };
		CFFED683246471AB00E12C2B /* dataGetter.entitlements */ = {isa = PBXFileReference; lastKnownFileType = text.plist.entitlements; path = dataGetter.entitlements; sourceTree = "<group>"; };
		CFFED68D246471BE00E12C2B /* dataGetterExtension.appex */ = {isa = PBXFileReference; explicitFileType = "wrapper.app-extension"; includeInIndex = 0; path = dataGetterExtension.appex; sourceTree = BUILT_PRODUCTS_DIR; };
		CFFED68F246471BE00E12C2B /* Cocoa.framework */ = {isa = PBXFileReference; lastKnownFileType = wrapper.framework; name = Cocoa.framework; path = System/Library/Frameworks/Cocoa.framework; sourceTree = SDKROOT; };
		CFFED692246471BE00E12C2B /* SourceEditorExtension.swift */ = {isa = PBXFileReference; lastKnownFileType = sourcecode.swift; path = SourceEditorExtension.swift; sourceTree = "<group>"; };
		CFFED694246471BE00E12C2B /* SourceEditorCommand.swift */ = {isa = PBXFileReference; lastKnownFileType = sourcecode.swift; path = SourceEditorCommand.swift; sourceTree = "<group>"; };
		CFFED696246471BE00E12C2B /* Info.plist */ = {isa = PBXFileReference; lastKnownFileType = text.plist.xml; path = Info.plist; sourceTree = "<group>"; };
		CFFED697246471BE00E12C2B /* dataGetterExtension.entitlements */ = {isa = PBXFileReference; lastKnownFileType = text.plist.entitlements; path = dataGetterExtension.entitlements; sourceTree = "<group>"; };
		CFFF5BE82493FC0F00386D9B /* ValueCell.swift */ = {isa = PBXFileReference; lastKnownFileType = sourcecode.swift; path = ValueCell.swift; sourceTree = "<group>"; };
/* End PBXFileReference section */

/* Begin PBXFrameworksBuildPhase section */
		CF9A3F552486F7880074EF2C /* Frameworks */ = {
			isa = PBXFrameworksBuildPhase;
			buildActionMask = 2147483647;
			files = (
			);
			runOnlyForDeploymentPostprocessing = 0;
		};
		CFFED673246471AA00E12C2B /* Frameworks */ = {
			isa = PBXFrameworksBuildPhase;
			buildActionMask = 2147483647;
			files = (
			);
			runOnlyForDeploymentPostprocessing = 0;
		};
		CFFED68A246471BE00E12C2B /* Frameworks */ = {
			isa = PBXFrameworksBuildPhase;
			buildActionMask = 2147483647;
			files = (
				CFFED690246471BE00E12C2B /* Cocoa.framework in Frameworks */,
			);
			runOnlyForDeploymentPostprocessing = 0;
		};
/* End PBXFrameworksBuildPhase section */

/* Begin PBXGroup section */
		CF9A3F592486F7880074EF2C /* dataGetterTests */ = {
			isa = PBXGroup;
			children = (
				CF9A3F5A2486F7880074EF2C /* dataGetterTests.swift */,
				CF9A3F632486F8FD0074EF2C /* JsonForTest.json */,
				CFD5725B248836820097E8CA /* ExpectedResult.txt */,
				CF9A3F5C2486F7880074EF2C /* Info.plist */,
			);
			path = dataGetterTests;
			sourceTree = "<group>";
		};
		CFFED66D246471AA00E12C2B = {
			isa = PBXGroup;
			children = (
				CFFED678246471AA00E12C2B /* dataGetter */,
				CFFED691246471BE00E12C2B /* dataGetterExtension */,
				CF9A3F592486F7880074EF2C /* dataGetterTests */,
				CFFED68E246471BE00E12C2B /* Frameworks */,
				CFFED677246471AA00E12C2B /* Products */,
			);
			sourceTree = "<group>";
		};
		CFFED677246471AA00E12C2B /* Products */ = {
			isa = PBXGroup;
			children = (
				CFFED676246471AA00E12C2B /* dataGetter.app */,
				CFFED68D246471BE00E12C2B /* dataGetterExtension.appex */,
				CF9A3F582486F7880074EF2C /* dataGetterTests.xctest */,
			);
			name = Products;
			sourceTree = "<group>";
		};
		CFFED678246471AA00E12C2B /* dataGetter */ = {
			isa = PBXGroup;
			children = (
				CFFED679246471AA00E12C2B /* AppDelegate.swift */,
				CFA21CCC248ED85800964542 /* ValuesViewController.swift */,
				CFFF5BE82493FC0F00386D9B /* ValueCell.swift */,
				CFA21CCD248ED85800964542 /* ValuesViewController.xib */,
				CF3DCEDA248587C300984BB5 /* ReadableJSON.swift */,
				CF3DCEDE24858FF600984BB5 /* JsonConverter.swift */,
				CF23B4C524918BA400B61476 /* CodingKeysTree.swift */,
				CFFED67D246471AB00E12C2B /* Assets.xcassets */,
				CF65DA6B248EC41C000F9ECD /* Main.storyboard */,
				CFFED682246471AB00E12C2B /* Info.plist */,
				CFFED683246471AB00E12C2B /* dataGetter.entitlements */,
			);
			path = dataGetter;
			sourceTree = "<group>";
		};
		CFFED68E246471BE00E12C2B /* Frameworks */ = {
			isa = PBXGroup;
			children = (
				CFFED68F246471BE00E12C2B /* Cocoa.framework */,
			);
			name = Frameworks;
			sourceTree = "<group>";
		};
		CFFED691246471BE00E12C2B /* dataGetterExtension */ = {
			isa = PBXGroup;
			children = (
				CFFED692246471BE00E12C2B /* SourceEditorExtension.swift */,
				CFFED694246471BE00E12C2B /* SourceEditorCommand.swift */,
				CFFED696246471BE00E12C2B /* Info.plist */,
				CFFED697246471BE00E12C2B /* dataGetterExtension.entitlements */,
			);
			path = dataGetterExtension;
			sourceTree = "<group>";
		};
/* End PBXGroup section */

/* Begin PBXNativeTarget section */
		CF9A3F572486F7880074EF2C /* dataGetterTests */ = {
			isa = PBXNativeTarget;
			buildConfigurationList = CF9A3F5F2486F7880074EF2C /* Build configuration list for PBXNativeTarget "dataGetterTests" */;
			buildPhases = (
				CF9A3F542486F7880074EF2C /* Sources */,
				CF9A3F552486F7880074EF2C /* Frameworks */,
				CF9A3F562486F7880074EF2C /* Resources */,
			);
			buildRules = (
			);
			dependencies = (
				CF9A3F5E2486F7880074EF2C /* PBXTargetDependency */,
			);
			name = dataGetterTests;
			productName = dataGetterTests;
			productReference = CF9A3F582486F7880074EF2C /* dataGetterTests.xctest */;
			productType = "com.apple.product-type.bundle.unit-test";
		};
		CFFED675246471AA00E12C2B /* dataGetter */ = {
			isa = PBXNativeTarget;
			buildConfigurationList = CFFED686246471AB00E12C2B /* Build configuration list for PBXNativeTarget "dataGetter" */;
			buildPhases = (
				CFFED672246471AA00E12C2B /* Sources */,
				CFFED673246471AA00E12C2B /* Frameworks */,
				CFFED674246471AA00E12C2B /* Resources */,
				CFFED69E246471BE00E12C2B /* Embed App Extensions */,
			);
			buildRules = (
			);
			dependencies = (
				CFFED699246471BE00E12C2B /* PBXTargetDependency */,
			);
			name = dataGetter;
			productName = dataGetter;
			productReference = CFFED676246471AA00E12C2B /* dataGetter.app */;
			productType = "com.apple.product-type.application";
		};
		CFFED68C246471BE00E12C2B /* dataGetterExtension */ = {
			isa = PBXNativeTarget;
			buildConfigurationList = CFFED69B246471BE00E12C2B /* Build configuration list for PBXNativeTarget "dataGetterExtension" */;
			buildPhases = (
				CFFED689246471BE00E12C2B /* Sources */,
				CFFED68A246471BE00E12C2B /* Frameworks */,
				CFFED68B246471BE00E12C2B /* Resources */,
			);
			buildRules = (
			);
			dependencies = (
			);
			name = dataGetterExtension;
			productName = dataGetterExtension;
			productReference = CFFED68D246471BE00E12C2B /* dataGetterExtension.appex */;
			productType = "com.apple.product-type.xcode-extension";
		};
/* End PBXNativeTarget section */

/* Begin PBXProject section */
		CFFED66E246471AA00E12C2B /* Project object */ = {
			isa = PBXProject;
			attributes = {
				LastSwiftUpdateCheck = 1150;
				LastUpgradeCheck = 1150;
				ORGANIZATIONNAME = Oleginc;
				TargetAttributes = {
					CF9A3F572486F7880074EF2C = {
						CreatedOnToolsVersion = 11.5;
						TestTargetID = CFFED675246471AA00E12C2B;
					};
					CFFED675246471AA00E12C2B = {
						CreatedOnToolsVersion = 11.4.1;
					};
					CFFED68C246471BE00E12C2B = {
						CreatedOnToolsVersion = 11.4.1;
					};
				};
			};
			buildConfigurationList = CFFED671246471AA00E12C2B /* Build configuration list for PBXProject "dataGetter" */;
			compatibilityVersion = "Xcode 9.3";
			developmentRegion = en;
			hasScannedForEncodings = 0;
			knownRegions = (
				en,
				Base,
			);
			mainGroup = CFFED66D246471AA00E12C2B;
			productRefGroup = CFFED677246471AA00E12C2B /* Products */;
			projectDirPath = "";
			projectRoot = "";
			targets = (
				CFFED675246471AA00E12C2B /* dataGetter */,
				CFFED68C246471BE00E12C2B /* dataGetterExtension */,
				CF9A3F572486F7880074EF2C /* dataGetterTests */,
			);
		};
/* End PBXProject section */

/* Begin PBXResourcesBuildPhase section */
		CF9A3F562486F7880074EF2C /* Resources */ = {
			isa = PBXResourcesBuildPhase;
			buildActionMask = 2147483647;
			files = (
				CF9A3F642486F8FD0074EF2C /* JsonForTest.json in Resources */,
				CFD5725C248836820097E8CA /* ExpectedResult.txt in Resources */,
			);
			runOnlyForDeploymentPostprocessing = 0;
		};
		CFFED674246471AA00E12C2B /* Resources */ = {
			isa = PBXResourcesBuildPhase;
			buildActionMask = 2147483647;
			files = (
				CFA21CCF248ED85800964542 /* ValuesViewController.xib in Resources */,
				CF65DA6C248EC41C000F9ECD /* Main.storyboard in Resources */,
				CFFED67E246471AB00E12C2B /* Assets.xcassets in Resources */,
			);
			runOnlyForDeploymentPostprocessing = 0;
		};
		CFFED68B246471BE00E12C2B /* Resources */ = {
			isa = PBXResourcesBuildPhase;
			buildActionMask = 2147483647;
			files = (
			);
			runOnlyForDeploymentPostprocessing = 0;
		};
/* End PBXResourcesBuildPhase section */

/* Begin PBXSourcesBuildPhase section */
		CF9A3F542486F7880074EF2C /* Sources */ = {
			isa = PBXSourcesBuildPhase;
			buildActionMask = 2147483647;
			files = (
				CF9A3F5B2486F7880074EF2C /* dataGetterTests.swift in Sources */,
			);
			runOnlyForDeploymentPostprocessing = 0;
		};
		CFFED672246471AA00E12C2B /* Sources */ = {
			isa = PBXSourcesBuildPhase;
			buildActionMask = 2147483647;
			files = (
				CFA21CCE248ED85800964542 /* ValuesViewController.swift in Sources */,
				CFFF5BE92493FC0F00386D9B /* ValueCell.swift in Sources */,
				CF15E5C72493E96C00F42B1E /* ReadableJSON.swift in Sources */,
				CF9A3F622486F87E0074EF2C /* JsonConverter.swift in Sources */,
				CFFED67A246471AA00E12C2B /* AppDelegate.swift in Sources */,
				CF23B4C624918BA400B61476 /* CodingKeysTree.swift in Sources */,
			);
			runOnlyForDeploymentPostprocessing = 0;
		};
		CFFED689246471BE00E12C2B /* Sources */ = {
			isa = PBXSourcesBuildPhase;
			buildActionMask = 2147483647;
			files = (
				CFFED693246471BE00E12C2B /* SourceEditorExtension.swift in Sources */,
				CFFED695246471BE00E12C2B /* SourceEditorCommand.swift in Sources */,
			);
			runOnlyForDeploymentPostprocessing = 0;
		};
/* End PBXSourcesBuildPhase section */

/* Begin PBXTargetDependency section */
		CF9A3F5E2486F7880074EF2C /* PBXTargetDependency */ = {
			isa = PBXTargetDependency;
			target = CFFED675246471AA00E12C2B /* dataGetter */;
			targetProxy = CF9A3F5D2486F7880074EF2C /* PBXContainerItemProxy */;
		};
		CFFED699246471BE00E12C2B /* PBXTargetDependency */ = {
			isa = PBXTargetDependency;
			target = CFFED68C246471BE00E12C2B /* dataGetterExtension */;
			targetProxy = CFFED698246471BE00E12C2B /* PBXContainerItemProxy */;
		};
/* End PBXTargetDependency section */

/* Begin XCBuildConfiguration section */
		CF9A3F602486F7880074EF2C /* Debug */ = {
			isa = XCBuildConfiguration;
			buildSettings = {
				BUNDLE_LOADER = "$(TEST_HOST)";
				CODE_SIGN_STYLE = Automatic;
				COMBINE_HIDPI_IMAGES = YES;
				DEVELOPMENT_TEAM = G62NMGFRS3;
				INFOPLIST_FILE = dataGetterTests/Info.plist;
				LD_RUNPATH_SEARCH_PATHS = (
					"$(inherited)",
					"@executable_path/../Frameworks",
					"@loader_path/../Frameworks",
				);
				PRODUCT_BUNDLE_IDENTIFIER = OGI.dataGetterTests;
				PRODUCT_NAME = "$(TARGET_NAME)";
				SWIFT_VERSION = 5.0;
				TEST_HOST = "$(BUILT_PRODUCTS_DIR)/dataGetter.app/Contents/MacOS/dataGetter";
			};
			name = Debug;
		};
		CF9A3F612486F7880074EF2C /* Release */ = {
			isa = XCBuildConfiguration;
			buildSettings = {
				BUNDLE_LOADER = "$(TEST_HOST)";
				CODE_SIGN_STYLE = Automatic;
				COMBINE_HIDPI_IMAGES = YES;
				DEVELOPMENT_TEAM = G62NMGFRS3;
				INFOPLIST_FILE = dataGetterTests/Info.plist;
				LD_RUNPATH_SEARCH_PATHS = (
					"$(inherited)",
					"@executable_path/../Frameworks",
					"@loader_path/../Frameworks",
				);
				PRODUCT_BUNDLE_IDENTIFIER = OGI.dataGetterTests;
				PRODUCT_NAME = "$(TARGET_NAME)";
				SWIFT_VERSION = 5.0;
				TEST_HOST = "$(BUILT_PRODUCTS_DIR)/dataGetter.app/Contents/MacOS/dataGetter";
			};
			name = Release;
		};
		CFFED684246471AB00E12C2B /* Debug */ = {
			isa = XCBuildConfiguration;
			buildSettings = {
				ALWAYS_SEARCH_USER_PATHS = NO;
				CLANG_ANALYZER_NONNULL = YES;
				CLANG_ANALYZER_NUMBER_OBJECT_CONVERSION = YES_AGGRESSIVE;
				CLANG_CXX_LANGUAGE_STANDARD = "gnu++14";
				CLANG_CXX_LIBRARY = "libc++";
				CLANG_ENABLE_MODULES = YES;
				CLANG_ENABLE_OBJC_ARC = YES;
				CLANG_ENABLE_OBJC_WEAK = YES;
				CLANG_WARN_BLOCK_CAPTURE_AUTORELEASING = YES;
				CLANG_WARN_BOOL_CONVERSION = YES;
				CLANG_WARN_COMMA = YES;
				CLANG_WARN_CONSTANT_CONVERSION = YES;
				CLANG_WARN_DEPRECATED_OBJC_IMPLEMENTATIONS = YES;
				CLANG_WARN_DIRECT_OBJC_ISA_USAGE = YES_ERROR;
				CLANG_WARN_DOCUMENTATION_COMMENTS = YES;
				CLANG_WARN_EMPTY_BODY = YES;
				CLANG_WARN_ENUM_CONVERSION = YES;
				CLANG_WARN_INFINITE_RECURSION = YES;
				CLANG_WARN_INT_CONVERSION = YES;
				CLANG_WARN_NON_LITERAL_NULL_CONVERSION = YES;
				CLANG_WARN_OBJC_IMPLICIT_RETAIN_SELF = YES;
				CLANG_WARN_OBJC_LITERAL_CONVERSION = YES;
				CLANG_WARN_OBJC_ROOT_CLASS = YES_ERROR;
				CLANG_WARN_RANGE_LOOP_ANALYSIS = YES;
				CLANG_WARN_STRICT_PROTOTYPES = YES;
				CLANG_WARN_SUSPICIOUS_MOVE = YES;
				CLANG_WARN_UNGUARDED_AVAILABILITY = YES_AGGRESSIVE;
				CLANG_WARN_UNREACHABLE_CODE = YES;
				CLANG_WARN__DUPLICATE_METHOD_MATCH = YES;
				COPY_PHASE_STRIP = NO;
				DEBUG_INFORMATION_FORMAT = dwarf;
				ENABLE_STRICT_OBJC_MSGSEND = YES;
				ENABLE_TESTABILITY = YES;
				GCC_C_LANGUAGE_STANDARD = gnu11;
				GCC_DYNAMIC_NO_PIC = NO;
				GCC_NO_COMMON_BLOCKS = YES;
				GCC_OPTIMIZATION_LEVEL = 0;
				GCC_PREPROCESSOR_DEFINITIONS = (
					"DEBUG=1",
					"$(inherited)",
				);
				GCC_WARN_64_TO_32_BIT_CONVERSION = YES;
				GCC_WARN_ABOUT_RETURN_TYPE = YES_ERROR;
				GCC_WARN_UNDECLARED_SELECTOR = YES;
				GCC_WARN_UNINITIALIZED_AUTOS = YES_AGGRESSIVE;
				GCC_WARN_UNUSED_FUNCTION = YES;
				GCC_WARN_UNUSED_VARIABLE = YES;
				MACOSX_DEPLOYMENT_TARGET = 10.15;
				MTL_ENABLE_DEBUG_INFO = INCLUDE_SOURCE;
				MTL_FAST_MATH = YES;
				ONLY_ACTIVE_ARCH = YES;
				SDKROOT = macosx;
				SWIFT_ACTIVE_COMPILATION_CONDITIONS = DEBUG;
				SWIFT_OPTIMIZATION_LEVEL = "-Onone";
			};
			name = Debug;
		};
		CFFED685246471AB00E12C2B /* Release */ = {
			isa = XCBuildConfiguration;
			buildSettings = {
				ALWAYS_SEARCH_USER_PATHS = NO;
				CLANG_ANALYZER_NONNULL = YES;
				CLANG_ANALYZER_NUMBER_OBJECT_CONVERSION = YES_AGGRESSIVE;
				CLANG_CXX_LANGUAGE_STANDARD = "gnu++14";
				CLANG_CXX_LIBRARY = "libc++";
				CLANG_ENABLE_MODULES = YES;
				CLANG_ENABLE_OBJC_ARC = YES;
				CLANG_ENABLE_OBJC_WEAK = YES;
				CLANG_WARN_BLOCK_CAPTURE_AUTORELEASING = YES;
				CLANG_WARN_BOOL_CONVERSION = YES;
				CLANG_WARN_COMMA = YES;
				CLANG_WARN_CONSTANT_CONVERSION = YES;
				CLANG_WARN_DEPRECATED_OBJC_IMPLEMENTATIONS = YES;
				CLANG_WARN_DIRECT_OBJC_ISA_USAGE = YES_ERROR;
				CLANG_WARN_DOCUMENTATION_COMMENTS = YES;
				CLANG_WARN_EMPTY_BODY = YES;
				CLANG_WARN_ENUM_CONVERSION = YES;
				CLANG_WARN_INFINITE_RECURSION = YES;
				CLANG_WARN_INT_CONVERSION = YES;
				CLANG_WARN_NON_LITERAL_NULL_CONVERSION = YES;
				CLANG_WARN_OBJC_IMPLICIT_RETAIN_SELF = YES;
				CLANG_WARN_OBJC_LITERAL_CONVERSION = YES;
				CLANG_WARN_OBJC_ROOT_CLASS = YES_ERROR;
				CLANG_WARN_RANGE_LOOP_ANALYSIS = YES;
				CLANG_WARN_STRICT_PROTOTYPES = YES;
				CLANG_WARN_SUSPICIOUS_MOVE = YES;
				CLANG_WARN_UNGUARDED_AVAILABILITY = YES_AGGRESSIVE;
				CLANG_WARN_UNREACHABLE_CODE = YES;
				CLANG_WARN__DUPLICATE_METHOD_MATCH = YES;
				COPY_PHASE_STRIP = NO;
				DEBUG_INFORMATION_FORMAT = "dwarf-with-dsym";
				ENABLE_NS_ASSERTIONS = NO;
				ENABLE_STRICT_OBJC_MSGSEND = YES;
				GCC_C_LANGUAGE_STANDARD = gnu11;
				GCC_NO_COMMON_BLOCKS = YES;
				GCC_WARN_64_TO_32_BIT_CONVERSION = YES;
				GCC_WARN_ABOUT_RETURN_TYPE = YES_ERROR;
				GCC_WARN_UNDECLARED_SELECTOR = YES;
				GCC_WARN_UNINITIALIZED_AUTOS = YES_AGGRESSIVE;
				GCC_WARN_UNUSED_FUNCTION = YES;
				GCC_WARN_UNUSED_VARIABLE = YES;
				MACOSX_DEPLOYMENT_TARGET = 10.15;
				MTL_ENABLE_DEBUG_INFO = NO;
				MTL_FAST_MATH = YES;
				SDKROOT = macosx;
				SWIFT_COMPILATION_MODE = wholemodule;
				SWIFT_OPTIMIZATION_LEVEL = "-O";
			};
			name = Release;
		};
		CFFED687246471AB00E12C2B /* Debug */ = {
			isa = XCBuildConfiguration;
			buildSettings = {
				ALWAYS_EMBED_SWIFT_STANDARD_LIBRARIES = YES;
				ASSETCATALOG_COMPILER_APPICON_NAME = AppIcon;
				CODE_SIGN_ENTITLEMENTS = dataGetter/dataGetter.entitlements;
				CODE_SIGN_IDENTITY = "Mac Developer";
				CODE_SIGN_STYLE = Automatic;
				COMBINE_HIDPI_IMAGES = YES;
				DEVELOPMENT_TEAM = G62NMGFRS3;
				ENABLE_HARDENED_RUNTIME = YES;
				INFOPLIST_FILE = dataGetter/Info.plist;
				LD_RUNPATH_SEARCH_PATHS = (
					"$(inherited)",
					"@executable_path/../Frameworks",
				);
				MTL_ENABLE_DEBUG_INFO = YES;
				MTL_FAST_MATH = NO;
				PRODUCT_BUNDLE_IDENTIFIER = OGI.dataGetter;
				PRODUCT_NAME = "$(TARGET_NAME)";
				SWIFT_VERSION = 5.0;
			};
			name = Debug;
		};
		CFFED688246471AB00E12C2B /* Release */ = {
			isa = XCBuildConfiguration;
			buildSettings = {
				ALWAYS_EMBED_SWIFT_STANDARD_LIBRARIES = YES;
				ASSETCATALOG_COMPILER_APPICON_NAME = AppIcon;
				CODE_SIGN_ENTITLEMENTS = dataGetter/dataGetter.entitlements;
				CODE_SIGN_IDENTITY = "Mac Developer";
				CODE_SIGN_STYLE = Automatic;
				COMBINE_HIDPI_IMAGES = YES;
				DEVELOPMENT_TEAM = G62NMGFRS3;
				ENABLE_HARDENED_RUNTIME = YES;
				INFOPLIST_FILE = dataGetter/Info.plist;
				LD_RUNPATH_SEARCH_PATHS = (
					"$(inherited)",
					"@executable_path/../Frameworks",
				);
				MTL_FAST_MATH = NO;
				PRODUCT_BUNDLE_IDENTIFIER = OGI.dataGetter;
				PRODUCT_NAME = "$(TARGET_NAME)";
				SWIFT_VERSION = 5.0;
			};
			name = Release;
		};
		CFFED69C246471BE00E12C2B /* Debug */ = {
			isa = XCBuildConfiguration;
			buildSettings = {
				CODE_SIGN_ENTITLEMENTS = dataGetterExtension/dataGetterExtension.entitlements;
				CODE_SIGN_STYLE = Automatic;
				COMBINE_HIDPI_IMAGES = YES;
				DEVELOPMENT_TEAM = G62NMGFRS3;
				ENABLE_HARDENED_RUNTIME = YES;
				INFOPLIST_FILE = dataGetterExtension/Info.plist;
				LD_RUNPATH_SEARCH_PATHS = (
					"$(inherited)",
					"@executable_path/../Frameworks",
					"@executable_path/../../../../Frameworks",
				);
				PRODUCT_BUNDLE_IDENTIFIER = OGI.dataGetter.dataGetterExtension;
				PRODUCT_NAME = "$(TARGET_NAME)";
				SKIP_INSTALL = YES;
				SWIFT_VERSION = 5.0;
			};
			name = Debug;
		};
		CFFED69D246471BE00E12C2B /* Release */ = {
			isa = XCBuildConfiguration;
			buildSettings = {
				CODE_SIGN_ENTITLEMENTS = dataGetterExtension/dataGetterExtension.entitlements;
				CODE_SIGN_STYLE = Automatic;
				COMBINE_HIDPI_IMAGES = YES;
				DEVELOPMENT_TEAM = G62NMGFRS3;
				ENABLE_HARDENED_RUNTIME = YES;
				INFOPLIST_FILE = dataGetterExtension/Info.plist;
				LD_RUNPATH_SEARCH_PATHS = (
					"$(inherited)",
					"@executable_path/../Frameworks",
					"@executable_path/../../../../Frameworks",
				);
				PRODUCT_BUNDLE_IDENTIFIER = OGI.dataGetter.dataGetterExtension;
				PRODUCT_NAME = "$(TARGET_NAME)";
				SKIP_INSTALL = YES;
				SWIFT_VERSION = 5.0;
			};
			name = Release;
		};
/* End XCBuildConfiguration section */

/* Begin XCConfigurationList section */
		CF9A3F5F2486F7880074EF2C /* Build configuration list for PBXNativeTarget "dataGetterTests" */ = {
			isa = XCConfigurationList;
			buildConfigurations = (
				CF9A3F602486F7880074EF2C /* Debug */,
				CF9A3F612486F7880074EF2C /* Release */,
			);
			defaultConfigurationIsVisible = 0;
			defaultConfigurationName = Release;
		};
		CFFED671246471AA00E12C2B /* Build configuration list for PBXProject "dataGetter" */ = {
			isa = XCConfigurationList;
			buildConfigurations = (
				CFFED684246471AB00E12C2B /* Debug */,
				CFFED685246471AB00E12C2B /* Release */,
			);
			defaultConfigurationIsVisible = 0;
			defaultConfigurationName = Release;
		};
		CFFED686246471AB00E12C2B /* Build configuration list for PBXNativeTarget "dataGetter" */ = {
			isa = XCConfigurationList;
			buildConfigurations = (
				CFFED687246471AB00E12C2B /* Debug */,
				CFFED688246471AB00E12C2B /* Release */,
			);
			defaultConfigurationIsVisible = 0;
			defaultConfigurationName = Release;
		};
		CFFED69B246471BE00E12C2B /* Build configuration list for PBXNativeTarget "dataGetterExtension" */ = {
			isa = XCConfigurationList;
			buildConfigurations = (
				CFFED69C246471BE00E12C2B /* Debug */,
				CFFED69D246471BE00E12C2B /* Release */,
			);
			defaultConfigurationIsVisible = 0;
			defaultConfigurationName = Release;
		};
/* End XCConfigurationList section */
	};
	rootObject = CFFED66E246471AA00E12C2B /* Project object */;
}
